
Microsoft Visual Studio Solution File, Format Version 12.00
# Visual Studio Version 16
VisualStudioVersion = 16.0.30320.27
MinimumVisualStudioVersion = 10.0.40219.1
Project("{9A19103F-16F7-4668-BE54-9A1E7A4F7556}") = "AsyncTCP", "AsyncTCP.csproj", "{52319E2F-B81F-408D-8624-46C46A1F54A1}"
EndProject
Global
	GlobalSection(SolutionConfigurationPlatforms) = preSolution
		Debug|Any CPU = Debug|Any CPU
		Release|Any CPU = Release|Any CPU
	EndGlobalSection
	GlobalSection(ProjectConfigurationPlatforms) = postSolution
		{52319E2F-B81F-408D-8624-46C46A1F54A1}.Debug|Any CPU.ActiveCfg = Debug|Any CPU
		{52319E2F-B81F-408D-8624-46C46A1F54A1}.Debug|Any CPU.Build.0 = Debug|Any CPU
		{52319E2F-B81F-408D-8624-46C46A1F54A1}.Release|Any CPU.ActiveCfg = Release|Any CPU
		{52319E2F-B81F-408D-8624-46C46A1F54A1}.Release|Any CPU.Build.0 = Release|Any CPU
	EndGlobalSection
	GlobalSection(SolutionProperties) = preSolution
		HideSolutionNode = FALSE
	EndGlobalSection
	GlobalSection(ExtensibilityGlobals) = postSolution
		SolutionGuid = {E6FC7E9A-29B3-4A77-859A-44368FBC62F9}
	EndGlobalSection
EndGlobal
